
Microsoft Visual Studio Solution File, Format Version 12.00
# Visual Studio 15
VisualStudioVersion = 15.0.26730.15
MinimumVisualStudioVersion = 10.0.40219.1
Project("{888888A0-9F3D-457C-B088-3A5042F75D52}") = "PocketTanksAgent", "PocketTanksAgent.pyproj", "{E92CF383-FF6E-4758-87DD-F029B4634296}"
EndProject
Global
	GlobalSection(SolutionConfigurationPlatforms) = preSolution
		Debug|Any CPU = Debug|Any CPU
		Release|Any CPU = Release|Any CPU
	EndGlobalSection
	GlobalSection(ProjectConfigurationPlatforms) = postSolution
		{E92CF383-FF6E-4758-87DD-F029B4634296}.Debug|Any CPU.ActiveCfg = Debug|Any CPU
		{E92CF383-FF6E-4758-87DD-F029B4634296}.Release|Any CPU.ActiveCfg = Release|Any CPU
	EndGlobalSection
	GlobalSection(SolutionProperties) = preSolution
		HideSolutionNode = FALSE
	EndGlobalSection
	GlobalSection(ExtensibilityGlobals) = postSolution
		SolutionGuid = {DB5105B0-6D09-4E5E-84C7-1CA9AC0FB26A}
	EndGlobalSection
EndGlobal
